
Microsoft Visual Studio Solution File, Format Version 12.00
# Visual Studio Version 16
VisualStudioVersion = 16.0.32407.337
MinimumVisualStudioVersion = 10.0.40219.1
Project("{9A19103F-16F7-4668-BE54-9A1E7A4F7556}") = "EFRecipes", "EFRecipes\EFRecipes.csproj", "{CBE12684-8676-4028-97DE-AC8B7D70625A}"
EndProject
Global
	GlobalSection(SolutionConfigurationPlatforms) = preSolution
		Debug|Any CPU = Debug|Any CPU
		Release|Any CPU = Release|Any CPU
	EndGlobalSection
	GlobalSection(ProjectConfigurationPlatforms) = postSolution
		{CBE12684-8676-4028-97DE-AC8B7D70625A}.Debug|Any CPU.ActiveCfg = Debug|Any CPU
		{CBE12684-8676-4028-97DE-AC8B7D70625A}.Debug|Any CPU.Build.0 = Debug|Any CPU
		{CBE12684-8676-4028-97DE-AC8B7D70625A}.Release|Any CPU.ActiveCfg = Release|Any CPU
		{CBE12684-8676-4028-97DE-AC8B7D70625A}.Release|Any CPU.Build.0 = Release|Any CPU
	EndGlobalSection
	GlobalSection(SolutionProperties) = preSolution
		HideSolutionNode = FALSE
	EndGlobalSection
	GlobalSection(ExtensibilityGlobals) = postSolution
		SolutionGuid = {F369ACB2-E588-4434-A12C-5191004AE95C}
	EndGlobalSection
EndGlobal
